
Microsoft Visual Studio Solution File, Format Version 12.00
# Visual Studio Version 16
VisualStudioVersion = 16.0.29728.190
MinimumVisualStudioVersion = 10.0.40219.1
Project("{FAE04EC0-301F-11D3-BF4B-00C04F79EFBC}") = "otelOtomasyonu", "otelOtomasyonu\otelOtomasyonu.csproj", "{EE101424-2F0E-49A1-93AB-49181EE09F07}"
EndProject
Global
	GlobalSection(SolutionConfigurationPlatforms) = preSolution
		Debug|Any CPU = Debug|Any CPU
		Release|Any CPU = Release|Any CPU
	EndGlobalSection
	GlobalSection(ProjectConfigurationPlatforms) = postSolution
		{EE101424-2F0E-49A1-93AB-49181EE09F07}.Debug|Any CPU.ActiveCfg = Debug|Any CPU
		{EE101424-2F0E-49A1-93AB-49181EE09F07}.Debug|Any CPU.Build.0 = Debug|Any CPU
		{EE101424-2F0E-49A1-93AB-49181EE09F07}.Release|Any CPU.ActiveCfg = Release|Any CPU
		{EE101424-2F0E-49A1-93AB-49181EE09F07}.Release|Any CPU.Build.0 = Release|Any CPU
	EndGlobalSection
	GlobalSection(SolutionProperties) = preSolution
		HideSolutionNode = FALSE
	EndGlobalSection
	GlobalSection(ExtensibilityGlobals) = postSolution
		SolutionGuid = {92E1470D-57A0-4446-86EE-6E31A72B9161}
	EndGlobalSection
EndGlobal
